
Microsoft Visual Studio Solution File, Format Version 12.00
# Visual Studio Version 17
VisualStudioVersion = 17.4.33205.214
MinimumVisualStudioVersion = 10.0.40219.1
Project("{FAE04EC0-301F-11D3-BF4B-00C04F79EFBC}") = "_5_01_Encapsulation", "_5_01_Encapsulation.csproj", "{B1A5C766-FBDE-4E24-A973-DD660E8EF83B}"
EndProject
Project("{FAE04EC0-301F-11D3-BF4B-00C04F79EFBC}") = "_5_02_PublicAccMod", "..\_5_02_PublicAccMod\_5_02_PublicAccMod.csproj", "{4F77B27E-3498-47CC-BF72-BDC21E585FE2}"
EndProject
Project("{FAE04EC0-301F-11D3-BF4B-00C04F79EFBC}") = "_5_03_PrivateAccMod", "..\_5_03_PrivateAccMod\_5_03_PrivateAccMod.csproj", "{26475B1C-64CD-4825-B6AD-4C4804DCBF3F}"
EndProject
Project("{FAE04EC0-301F-11D3-BF4B-00C04F79EFBC}") = "_5_04_PrivateAccModMeth", "..\_5_04_PrivateAccModMeth\_5_04_PrivateAccModMeth.csproj", "{0A0B74EF-749F-4390-834B-543EDF894B5D}"
EndProject
Project("{FAE04EC0-301F-11D3-BF4B-00C04F79EFBC}") = "_5_05_Properties", "..\_5_05_Properties\_5_05_Properties.csproj", "{C8E91E55-30E7-4BEF-B3AD-904E18067AE8}"
EndProject
Project("{FAE04EC0-301F-11D3-BF4B-00C04F79EFBC}") = "myNameSpace", "..\myNameSpace\myNameSpace.csproj", "{883D87D4-B864-4049-9A3B-E2742D14D187}"
EndProject
Project("{FAE04EC0-301F-11D3-BF4B-00C04F79EFBC}") = "_5_06_InternalAccMod", "..\_05_06_InternalAccMod\_5_06_InternalAccMod.csproj", "{7B35DCFA-49F5-41A3-ABE7-EF220C0D5E62}"
EndProject
Project("{FAE04EC0-301F-11D3-BF4B-00C04F79EFBC}") = "_5_07_CopyConstrutor", "..\_5_07_CopyConstrutor\_5_07_CopyConstrutor.csproj", "{0673C28C-9BFC-4791-9027-57CE2B2A9C76}"
EndProject
Global
	GlobalSection(SolutionConfigurationPlatforms) = preSolution
		Debug|Any CPU = Debug|Any CPU
		Release|Any CPU = Release|Any CPU
	EndGlobalSection
	GlobalSection(ProjectConfigurationPlatforms) = postSolution
		{B1A5C766-FBDE-4E24-A973-DD660E8EF83B}.Debug|Any CPU.ActiveCfg = Debug|Any CPU
		{B1A5C766-FBDE-4E24-A973-DD660E8EF83B}.Debug|Any CPU.Build.0 = Debug|Any CPU
		{B1A5C766-FBDE-4E24-A973-DD660E8EF83B}.Release|Any CPU.ActiveCfg = Release|Any CPU
		{B1A5C766-FBDE-4E24-A973-DD660E8EF83B}.Release|Any CPU.Build.0 = Release|Any CPU
		{4F77B27E-3498-47CC-BF72-BDC21E585FE2}.Debug|Any CPU.ActiveCfg = Debug|Any CPU
		{4F77B27E-3498-47CC-BF72-BDC21E585FE2}.Debug|Any CPU.Build.0 = Debug|Any CPU
		{4F77B27E-3498-47CC-BF72-BDC21E585FE2}.Release|Any CPU.ActiveCfg = Release|Any CPU
		{4F77B27E-3498-47CC-BF72-BDC21E585FE2}.Release|Any CPU.Build.0 = Release|Any CPU
		{26475B1C-64CD-4825-B6AD-4C4804DCBF3F}.Debug|Any CPU.ActiveCfg = Debug|Any CPU
		{26475B1C-64CD-4825-B6AD-4C4804DCBF3F}.Debug|Any CPU.Build.0 = Debug|Any CPU
		{26475B1C-64CD-4825-B6AD-4C4804DCBF3F}.Release|Any CPU.ActiveCfg = Release|Any CPU
		{26475B1C-64CD-4825-B6AD-4C4804DCBF3F}.Release|Any CPU.Build.0 = Release|Any CPU
		{0A0B74EF-749F-4390-834B-543EDF894B5D}.Debug|Any CPU.ActiveCfg = Debug|Any CPU
		{0A0B74EF-749F-4390-834B-543EDF894B5D}.Debug|Any CPU.Build.0 = Debug|Any CPU
		{0A0B74EF-749F-4390-834B-543EDF894B5D}.Release|Any CPU.ActiveCfg = Release|Any CPU
		{0A0B74EF-749F-4390-834B-543EDF894B5D}.Release|Any CPU.Build.0 = Release|Any CPU
		{C8E91E55-30E7-4BEF-B3AD-904E18067AE8}.Debug|Any CPU.ActiveCfg = Debug|Any CPU
		{C8E91E55-30E7-4BEF-B3AD-904E18067AE8}.Debug|Any CPU.Build.0 = Debug|Any CPU
		{C8E91E55-30E7-4BEF-B3AD-904E18067AE8}.Release|Any CPU.ActiveCfg = Release|Any CPU
		{C8E91E55-30E7-4BEF-B3AD-904E18067AE8}.Release|Any CPU.Build.0 = Release|Any CPU
		{883D87D4-B864-4049-9A3B-E2742D14D187}.Debug|Any CPU.ActiveCfg = Debug|Any CPU
		{883D87D4-B864-4049-9A3B-E2742D14D187}.Debug|Any CPU.Build.0 = Debug|Any CPU
		{883D87D4-B864-4049-9A3B-E2742D14D187}.Release|Any CPU.ActiveCfg = Release|Any CPU
		{883D87D4-B864-4049-9A3B-E2742D14D187}.Release|Any CPU.Build.0 = Release|Any CPU
		{7B35DCFA-49F5-41A3-ABE7-EF220C0D5E62}.Debug|Any CPU.ActiveCfg = Debug|Any CPU
		{7B35DCFA-49F5-41A3-ABE7-EF220C0D5E62}.Debug|Any CPU.Build.0 = Debug|Any CPU
		{7B35DCFA-49F5-41A3-ABE7-EF220C0D5E62}.Release|Any CPU.ActiveCfg = Release|Any CPU
		{7B35DCFA-49F5-41A3-ABE7-EF220C0D5E62}.Release|Any CPU.Build.0 = Release|Any CPU
		{0673C28C-9BFC-4791-9027-57CE2B2A9C76}.Debug|Any CPU.ActiveCfg = Debug|Any CPU
		{0673C28C-9BFC-4791-9027-57CE2B2A9C76}.Debug|Any CPU.Build.0 = Debug|Any CPU
		{0673C28C-9BFC-4791-9027-57CE2B2A9C76}.Release|Any CPU.ActiveCfg = Release|Any CPU
		{0673C28C-9BFC-4791-9027-57CE2B2A9C76}.Release|Any CPU.Build.0 = Release|Any CPU
	EndGlobalSection
	GlobalSection(SolutionProperties) = preSolution
		HideSolutionNode = FALSE
	EndGlobalSection
	GlobalSection(ExtensibilityGlobals) = postSolution
		SolutionGuid = {3AA60957-4CC0-4ADB-943A-F3DCDA3F6A7E}
	EndGlobalSection
EndGlobal
